
Microsoft Visual Studio Solution File, Format Version 12.00
# Visual Studio 15
VisualStudioVersion = 15.0.26430.13
MinimumVisualStudioVersion = 10.0.40219.1
Project("{2150E333-8FDC-42A3-9474-1A3956D46DE8}") = "01. Solution Items", "01. Solution Items", "{1022C351-7255-4314-9756-58D352F94F23}"
	ProjectSection(SolutionItems) = preProject
		appveyor.yml = appveyor.yml
		build.ps1 = build.ps1
		README.md = README.md
		header\ReflectSoftware.Facebook.licenseheader = header\ReflectSoftware.Facebook.licenseheader
	EndProjectSection
EndProject
Project("{2150E333-8FDC-42A3-9474-1A3956D46DE8}") = "02. src", "02. src", "{25FE0F58-B25F-4164-821F-B754C13F0F52}"
EndProject
Project("{2150E333-8FDC-42A3-9474-1A3956D46DE8}") = "03. samples", "03. samples", "{9DB65601-A628-4E1B-A51E-619119068806}"
EndProject
Project("{9A19103F-16F7-4668-BE54-9A1E7A4F7556}") = "ReflectSoftware.Facebook.Messenger.AspNetCore.Webhook", "src\ReflectSoftware.Facebook.Messenger.AspNetCore.Webhook\ReflectSoftware.Facebook.Messenger.AspNetCore.Webhook.csproj", "{B8B63F4C-FE42-4233-A5EB-B9B47775E954}"
EndProject
Project("{9A19103F-16F7-4668-BE54-9A1E7A4F7556}") = "WebApiSample.AspNetCore", "samples\WebApiSample.AspNetCore\WebApiSample.AspNetCore.csproj", "{353987F0-CC4F-4ED9-8803-16E515D49A67}"
EndProject
Project("{9A19103F-16F7-4668-BE54-9A1E7A4F7556}") = "ReflectSoftware.Facebook.Messenger.Client", "src\ReflectSoftware.Facebook.Messenger.Client\ReflectSoftware.Facebook.Messenger.Client.csproj", "{DA56834D-5F42-4DB4-B000-668A757B02F2}"
EndProject
Project("{9A19103F-16F7-4668-BE54-9A1E7A4F7556}") = "ReflectSoftware.Facebook.Messenger.Common", "src\ReflectSoftware.Facebook.Messenger.Common\ReflectSoftware.Facebook.Messenger.Common.csproj", "{01E7AE57-068D-4F5A-B141-4A01CDB74F52}"
EndProject
Project("{2150E333-8FDC-42A3-9474-1A3956D46DE8}") = "04. test harness", "04. test harness", "{CAD3C16E-F474-4046-8E8F-3D0678251372}"
EndProject
Project("{FAE04EC0-301F-11D3-BF4B-00C04F79EFBC}") = "TestHarness", "test-harness\TestHarness\TestHarness.csproj", "{BD8D199C-C781-4439-9F41-6CCA93C333D8}"
EndProject
Global
	GlobalSection(SolutionConfigurationPlatforms) = preSolution
		Debug|Any CPU = Debug|Any CPU
		Release|Any CPU = Release|Any CPU
	EndGlobalSection
	GlobalSection(ProjectConfigurationPlatforms) = postSolution
		{B8B63F4C-FE42-4233-A5EB-B9B47775E954}.Debug|Any CPU.ActiveCfg = Debug|Any CPU
		{B8B63F4C-FE42-4233-A5EB-B9B47775E954}.Debug|Any CPU.Build.0 = Debug|Any CPU
		{B8B63F4C-FE42-4233-A5EB-B9B47775E954}.Release|Any CPU.ActiveCfg = Release|Any CPU
		{B8B63F4C-FE42-4233-A5EB-B9B47775E954}.Release|Any CPU.Build.0 = Release|Any CPU
		{353987F0-CC4F-4ED9-8803-16E515D49A67}.Debug|Any CPU.ActiveCfg = Debug|Any CPU
		{353987F0-CC4F-4ED9-8803-16E515D49A67}.Debug|Any CPU.Build.0 = Debug|Any CPU
		{353987F0-CC4F-4ED9-8803-16E515D49A67}.Release|Any CPU.ActiveCfg = Release|Any CPU
		{353987F0-CC4F-4ED9-8803-16E515D49A67}.Release|Any CPU.Build.0 = Release|Any CPU
		{DA56834D-5F42-4DB4-B000-668A757B02F2}.Debug|Any CPU.ActiveCfg = Debug|Any CPU
		{DA56834D-5F42-4DB4-B000-668A757B02F2}.Debug|Any CPU.Build.0 = Debug|Any CPU
		{DA56834D-5F42-4DB4-B000-668A757B02F2}.Release|Any CPU.ActiveCfg = Release|Any CPU
		{DA56834D-5F42-4DB4-B000-668A757B02F2}.Release|Any CPU.Build.0 = Release|Any CPU
		{01E7AE57-068D-4F5A-B141-4A01CDB74F52}.Debug|Any CPU.ActiveCfg = Debug|Any CPU
		{01E7AE57-068D-4F5A-B141-4A01CDB74F52}.Debug|Any CPU.Build.0 = Debug|Any CPU
		{01E7AE57-068D-4F5A-B141-4A01CDB74F52}.Release|Any CPU.ActiveCfg = Release|Any CPU
		{01E7AE57-068D-4F5A-B141-4A01CDB74F52}.Release|Any CPU.Build.0 = Release|Any CPU
		{BD8D199C-C781-4439-9F41-6CCA93C333D8}.Debug|Any CPU.ActiveCfg = Debug|Any CPU
		{BD8D199C-C781-4439-9F41-6CCA93C333D8}.Debug|Any CPU.Build.0 = Debug|Any CPU
		{BD8D199C-C781-4439-9F41-6CCA93C333D8}.Release|Any CPU.ActiveCfg = Release|Any CPU
		{BD8D199C-C781-4439-9F41-6CCA93C333D8}.Release|Any CPU.Build.0 = Release|Any CPU
	EndGlobalSection
	GlobalSection(SolutionProperties) = preSolution
		HideSolutionNode = FALSE
	EndGlobalSection
	GlobalSection(NestedProjects) = preSolution
		{B8B63F4C-FE42-4233-A5EB-B9B47775E954} = {25FE0F58-B25F-4164-821F-B754C13F0F52}
		{353987F0-CC4F-4ED9-8803-16E515D49A67} = {9DB65601-A628-4E1B-A51E-619119068806}
		{DA56834D-5F42-4DB4-B000-668A757B02F2} = {25FE0F58-B25F-4164-821F-B754C13F0F52}
		{01E7AE57-068D-4F5A-B141-4A01CDB74F52} = {25FE0F58-B25F-4164-821F-B754C13F0F52}
		{BD8D199C-C781-4439-9F41-6CCA93C333D8} = {CAD3C16E-F474-4046-8E8F-3D0678251372}
	EndGlobalSection
	GlobalSection(ExtensibilityGlobals) = postSolution
		SolutionGuid = {81FD01D3-1F85-4600-8C42-B1C341697101}
	EndGlobalSection
EndGlobal
