
Microsoft Visual Studio Solution File, Format Version 12.00
# Visual Studio 14
VisualStudioVersion = 14.0.25420.1
MinimumVisualStudioVersion = 10.0.40219.1
Project("{2150E333-8FDC-42A3-9474-1A3956D46DE8}") = "Solution Items", "Solution Items", "{1022C351-7255-4314-9756-58D352F94F23}"
	ProjectSection(SolutionItems) = preProject
		global.json = global.json
		README.md = README.md
		src\ReflectSoftware.Facebook.licenseheader = src\ReflectSoftware.Facebook.licenseheader
		src\VersionInfo.cs = src\VersionInfo.cs
	EndProjectSection
EndProject
Project("{2150E333-8FDC-42A3-9474-1A3956D46DE8}") = "src", "src", "{25FE0F58-B25F-4164-821F-B754C13F0F52}"
EndProject
Project("{FAE04EC0-301F-11D3-BF4B-00C04F79EFBC}") = "ReflectSoftware.Facebook.Messenger.Common", "src\ReflectSoftware.Facebook.Messenger.Common\ReflectSoftware.Facebook.Messenger.Common.csproj", "{EEC96650-8114-4973-A2F5-A60B7091F4BD}"
EndProject
Project("{FAE04EC0-301F-11D3-BF4B-00C04F79EFBC}") = "ReflectSoftware.Facebook.Messenger.Client", "src\ReflectSoftware.Facebook.Messenger.Client\ReflectSoftware.Facebook.Messenger.Client.csproj", "{A83998BC-F38A-4EA5-BC3D-562C543C3AE1}"
EndProject
Project("{8BB2217D-0F2D-49D1-97BC-3654ED321F3B}") = "ReflectSoftware.Facebook.Messenger.AspNetCore.Webhook", "src\ReflectSoftware.Facebook.Messenger.AspNetCore.Webhook\ReflectSoftware.Facebook.Messenger.AspNetCore.Webhook.xproj", "{B8B63F4C-FE42-4233-A5EB-B9B47775E954}"
EndProject
Project("{FAE04EC0-301F-11D3-BF4B-00C04F79EFBC}") = "ReflectSoftware.Facebook.Messenger.WebAPI.Webhook", "src\ReflectSoftware.Facebook.Messenger.WebAPI.Webhook\ReflectSoftware.Facebook.Messenger.WebAPI.Webhook.csproj", "{85CA75A0-678C-4E80-8B16-943DB0EB5CD4}"
EndProject
Project("{FAE04EC0-301F-11D3-BF4B-00C04F79EFBC}") = "WebApplication1", "src\WebApplication1\WebApplication1.csproj", "{F39E65D7-EC3D-45FB-BD78-73CE1A984CAC}"
EndProject
Global
	GlobalSection(SolutionConfigurationPlatforms) = preSolution
		Debug|Any CPU = Debug|Any CPU
		Release|Any CPU = Release|Any CPU
	EndGlobalSection
	GlobalSection(ProjectConfigurationPlatforms) = postSolution
		{EEC96650-8114-4973-A2F5-A60B7091F4BD}.Debug|Any CPU.ActiveCfg = Debug|Any CPU
		{EEC96650-8114-4973-A2F5-A60B7091F4BD}.Debug|Any CPU.Build.0 = Debug|Any CPU
		{EEC96650-8114-4973-A2F5-A60B7091F4BD}.Release|Any CPU.ActiveCfg = Release|Any CPU
		{EEC96650-8114-4973-A2F5-A60B7091F4BD}.Release|Any CPU.Build.0 = Release|Any CPU
		{A83998BC-F38A-4EA5-BC3D-562C543C3AE1}.Debug|Any CPU.ActiveCfg = Debug|Any CPU
		{A83998BC-F38A-4EA5-BC3D-562C543C3AE1}.Debug|Any CPU.Build.0 = Debug|Any CPU
		{A83998BC-F38A-4EA5-BC3D-562C543C3AE1}.Release|Any CPU.ActiveCfg = Release|Any CPU
		{A83998BC-F38A-4EA5-BC3D-562C543C3AE1}.Release|Any CPU.Build.0 = Release|Any CPU
		{B8B63F4C-FE42-4233-A5EB-B9B47775E954}.Debug|Any CPU.ActiveCfg = Debug|Any CPU
		{B8B63F4C-FE42-4233-A5EB-B9B47775E954}.Debug|Any CPU.Build.0 = Debug|Any CPU
		{B8B63F4C-FE42-4233-A5EB-B9B47775E954}.Release|Any CPU.ActiveCfg = Release|Any CPU
		{B8B63F4C-FE42-4233-A5EB-B9B47775E954}.Release|Any CPU.Build.0 = Release|Any CPU
		{85CA75A0-678C-4E80-8B16-943DB0EB5CD4}.Debug|Any CPU.ActiveCfg = Debug|Any CPU
		{85CA75A0-678C-4E80-8B16-943DB0EB5CD4}.Debug|Any CPU.Build.0 = Debug|Any CPU
		{85CA75A0-678C-4E80-8B16-943DB0EB5CD4}.Release|Any CPU.ActiveCfg = Release|Any CPU
		{85CA75A0-678C-4E80-8B16-943DB0EB5CD4}.Release|Any CPU.Build.0 = Release|Any CPU
		{F39E65D7-EC3D-45FB-BD78-73CE1A984CAC}.Debug|Any CPU.ActiveCfg = Debug|Any CPU
		{F39E65D7-EC3D-45FB-BD78-73CE1A984CAC}.Debug|Any CPU.Build.0 = Debug|Any CPU
		{F39E65D7-EC3D-45FB-BD78-73CE1A984CAC}.Release|Any CPU.ActiveCfg = Release|Any CPU
		{F39E65D7-EC3D-45FB-BD78-73CE1A984CAC}.Release|Any CPU.Build.0 = Release|Any CPU
	EndGlobalSection
	GlobalSection(SolutionProperties) = preSolution
		HideSolutionNode = FALSE
	EndGlobalSection
	GlobalSection(NestedProjects) = preSolution
		{EEC96650-8114-4973-A2F5-A60B7091F4BD} = {25FE0F58-B25F-4164-821F-B754C13F0F52}
		{A83998BC-F38A-4EA5-BC3D-562C543C3AE1} = {25FE0F58-B25F-4164-821F-B754C13F0F52}
		{B8B63F4C-FE42-4233-A5EB-B9B47775E954} = {25FE0F58-B25F-4164-821F-B754C13F0F52}
		{85CA75A0-678C-4E80-8B16-943DB0EB5CD4} = {25FE0F58-B25F-4164-821F-B754C13F0F52}
		{F39E65D7-EC3D-45FB-BD78-73CE1A984CAC} = {25FE0F58-B25F-4164-821F-B754C13F0F52}
	EndGlobalSection
EndGlobal
